
Microsoft Visual Studio Solution File, Format Version 12.00
# Visual Studio Version 17
VisualStudioVersion = 17.3.32819.101
MinimumVisualStudioVersion = 10.0.40219.1
Project("{9A19103F-16F7-4668-BE54-9A1E7A4F7556}") = "FileTransfer", "FileTransfer\FileTransfer.csproj", "{64B23C3D-A000-4B2D-9722-4F8432D883D1}"
EndProject
Global
	GlobalSection(SolutionConfigurationPlatforms) = preSolution
		Debug|Any CPU = Debug|Any CPU
		Release|Any CPU = Release|Any CPU
	EndGlobalSection
	GlobalSection(ProjectConfigurationPlatforms) = postSolution
		{64B23C3D-A000-4B2D-9722-4F8432D883D1}.Debug|Any CPU.ActiveCfg = Debug|Any CPU
		{64B23C3D-A000-4B2D-9722-4F8432D883D1}.Debug|Any CPU.Build.0 = Debug|Any CPU
		{64B23C3D-A000-4B2D-9722-4F8432D883D1}.Release|Any CPU.ActiveCfg = Release|Any CPU
		{64B23C3D-A000-4B2D-9722-4F8432D883D1}.Release|Any CPU.Build.0 = Release|Any CPU
	EndGlobalSection
	GlobalSection(SolutionProperties) = preSolution
		HideSolutionNode = FALSE
	EndGlobalSection
	GlobalSection(ExtensibilityGlobals) = postSolution
		SolutionGuid = {E91BD415-B3EE-4CC7-B87A-DEDD8FD02D95}
	EndGlobalSection
EndGlobal
